
Microsoft Visual Studio Solution File, Format Version 12.00
# Visual Studio 15
VisualStudioVersion = 15.0.27130.2027
MinimumVisualStudioVersion = 10.0.40219.1
Project("{FAE04EC0-301F-11D3-BF4B-00C04F79EFBC}") = "WebProjeto", "WebProjeto\WebProjeto.csproj", "{87BC5FEE-8969-49F4-8F0D-97B894AEAE87}"
EndProject
Project("{FAE04EC0-301F-11D3-BF4B-00C04F79EFBC}") = "WebProjeto.DataProvider", "WebProjeto.DataProvider\WebProjeto.DataProvider.csproj", "{CA5F5FCC-6F50-40A9-AB9A-646F46DC146A}"
EndProject
Global
	GlobalSection(SolutionConfigurationPlatforms) = preSolution
		Debug|Any CPU = Debug|Any CPU
		Release|Any CPU = Release|Any CPU
	EndGlobalSection
	GlobalSection(ProjectConfigurationPlatforms) = postSolution
		{87BC5FEE-8969-49F4-8F0D-97B894AEAE87}.Debug|Any CPU.ActiveCfg = Debug|Any CPU
		{87BC5FEE-8969-49F4-8F0D-97B894AEAE87}.Debug|Any CPU.Build.0 = Debug|Any CPU
		{87BC5FEE-8969-49F4-8F0D-97B894AEAE87}.Release|Any CPU.ActiveCfg = Release|Any CPU
		{87BC5FEE-8969-49F4-8F0D-97B894AEAE87}.Release|Any CPU.Build.0 = Release|Any CPU
		{CA5F5FCC-6F50-40A9-AB9A-646F46DC146A}.Debug|Any CPU.ActiveCfg = Debug|Any CPU
		{CA5F5FCC-6F50-40A9-AB9A-646F46DC146A}.Debug|Any CPU.Build.0 = Debug|Any CPU
		{CA5F5FCC-6F50-40A9-AB9A-646F46DC146A}.Release|Any CPU.ActiveCfg = Release|Any CPU
		{CA5F5FCC-6F50-40A9-AB9A-646F46DC146A}.Release|Any CPU.Build.0 = Release|Any CPU
	EndGlobalSection
	GlobalSection(SolutionProperties) = preSolution
		HideSolutionNode = FALSE
	EndGlobalSection
	GlobalSection(ExtensibilityGlobals) = postSolution
		SolutionGuid = {C168AACB-03F9-437F-B25E-C9DC29E4B5E6}
	EndGlobalSection
EndGlobal
